# This file was autogenerated by Stack.
# You should not edit this file by hand.
# For more information, please see the documentation at:
#   https://docs.haskellstack.org/en/stable/lock_files

packages:
- completed:
    hackage: regexpr-0.5.4@sha256:a942463f1f25638c81b1c1feab5f958f6f404114113b7788f6a7db95f60e5fe2,2202
    pantry-tree:
      size: 517
      sha256: 940eb972948437609057b1db55bfaa4d1a75a9112cb72bbb8d521ecc28f10f50
  original:
    hackage: regexpr-0.5.4
- completed:
    hackage: mtlparse-0.1.4.0@sha256:82d7fb37f5633b4cb3d6ac4ef325cd660282cbc265547d82ce23f3f9f8e5b352,679
    pantry-tree:
      size: 316
      sha256: 7b60267e8ab8a2e30260d1ad69f6182f3cfdf91c23a0035651cd8dcda2968116
  original:
    hackage: mtlparse-0.1.4.0
- completed:
    hackage: hakyll-4.15.1.0@sha256:df90fdb1e7e09e90557ad23a6d402ce042f820f690595e7e73db82220edcadcf,9924
    pantry-tree:
      size: 8860
      sha256: 474bd1e22b8eb6c7ad8e397c1c6741204fff4b30ebc5d9d47576c43820d17e13
  original:
    hackage: hakyll-4.15.1.0
snapshots:
- completed:
    size: 586110
    url: https://raw.githubusercontent.com/commercialhaskell/stackage-snapshots/master/lts/18/21.yaml
    sha256: ce4fb8d44f3c6c6032060a02e0ebb1bd29937c9a70101c1517b92a87d9515160
  original: lts-18.21
